
Microsoft Visual Studio Solution File, Format Version 12.00
# Visual Studio Version 16
VisualStudioVersion = 16.0.31515.178
MinimumVisualStudioVersion = 10.0.40219.1
Project("{FAE04EC0-301F-11D3-BF4B-00C04F79EFBC}") = "DPRN1_U1_EA_ANNT", "DPRN1_U1_EA_ANNT.csproj", "{788566E5-532A-4E31-8628-046773185CB6}"
EndProject
Global
	GlobalSection(SolutionConfigurationPlatforms) = preSolution
		Debug|Any CPU = Debug|Any CPU
		Release|Any CPU = Release|Any CPU
	EndGlobalSection
	GlobalSection(ProjectConfigurationPlatforms) = postSolution
		{788566E5-532A-4E31-8628-046773185CB6}.Debug|Any CPU.ActiveCfg = Debug|Any CPU
		{788566E5-532A-4E31-8628-046773185CB6}.Debug|Any CPU.Build.0 = Debug|Any CPU
		{788566E5-532A-4E31-8628-046773185CB6}.Release|Any CPU.ActiveCfg = Release|Any CPU
		{788566E5-532A-4E31-8628-046773185CB6}.Release|Any CPU.Build.0 = Release|Any CPU
	EndGlobalSection
	GlobalSection(SolutionProperties) = preSolution
		HideSolutionNode = FALSE
	EndGlobalSection
	GlobalSection(ExtensibilityGlobals) = postSolution
		SolutionGuid = {8206142C-9B70-45D9-8087-4F7D056147DD}
	EndGlobalSection
EndGlobal
