
Microsoft Visual Studio Solution File, Format Version 12.00
# Visual Studio Version 16
VisualStudioVersion = 16.0.31515.178
MinimumVisualStudioVersion = 10.0.40219.1
Project("{FAE04EC0-301F-11D3-BF4B-00C04F79EFBC}") = "DPRN_U1_A2_Ejemplos", "DPRN_U1_A2_Ejemplos.csproj", "{DAB8AF17-5C15-4623-8D47-38D5034DC0FD}"
EndProject
Global
	GlobalSection(SolutionConfigurationPlatforms) = preSolution
		Debug|Any CPU = Debug|Any CPU
		Release|Any CPU = Release|Any CPU
	EndGlobalSection
	GlobalSection(ProjectConfigurationPlatforms) = postSolution
		{DAB8AF17-5C15-4623-8D47-38D5034DC0FD}.Debug|Any CPU.ActiveCfg = Debug|Any CPU
		{DAB8AF17-5C15-4623-8D47-38D5034DC0FD}.Debug|Any CPU.Build.0 = Debug|Any CPU
		{DAB8AF17-5C15-4623-8D47-38D5034DC0FD}.Release|Any CPU.ActiveCfg = Release|Any CPU
		{DAB8AF17-5C15-4623-8D47-38D5034DC0FD}.Release|Any CPU.Build.0 = Release|Any CPU
	EndGlobalSection
	GlobalSection(SolutionProperties) = preSolution
		HideSolutionNode = FALSE
	EndGlobalSection
	GlobalSection(ExtensibilityGlobals) = postSolution
		SolutionGuid = {8D983F11-FF18-4BA4-AD7A-FDEFFC523E4A}
	EndGlobalSection
EndGlobal
