
Microsoft Visual Studio Solution File, Format Version 12.00
# Visual Studio Version 17
VisualStudioVersion = 17.1.32407.343
MinimumVisualStudioVersion = 10.0.40219.1
Project("{FAE04EC0-301F-11D3-BF4B-00C04F79EFBC}") = "DPRN2_U3_A2_ANNT", "DPRN2_U3_A2_ANNT.csproj", "{FE674D25-D645-4EB1-A7A3-0B96C4C935D1}"
EndProject
Global
	GlobalSection(SolutionConfigurationPlatforms) = preSolution
		Debug|Any CPU = Debug|Any CPU
		Release|Any CPU = Release|Any CPU
	EndGlobalSection
	GlobalSection(ProjectConfigurationPlatforms) = postSolution
		{FE674D25-D645-4EB1-A7A3-0B96C4C935D1}.Debug|Any CPU.ActiveCfg = Debug|Any CPU
		{FE674D25-D645-4EB1-A7A3-0B96C4C935D1}.Debug|Any CPU.Build.0 = Debug|Any CPU
		{FE674D25-D645-4EB1-A7A3-0B96C4C935D1}.Release|Any CPU.ActiveCfg = Release|Any CPU
		{FE674D25-D645-4EB1-A7A3-0B96C4C935D1}.Release|Any CPU.Build.0 = Release|Any CPU
	EndGlobalSection
	GlobalSection(SolutionProperties) = preSolution
		HideSolutionNode = FALSE
	EndGlobalSection
	GlobalSection(ExtensibilityGlobals) = postSolution
		SolutionGuid = {F3D31F54-2EFF-4C67-AF93-C36A731F6094}
	EndGlobalSection
EndGlobal
